{
  "nodes": {
    "composition-c4": {
      "locked": {
        "lastModified": 1684533115,
        "narHash": "sha256-a+qumQAxgUkeH5U/9b9X7JGeYn+61nV0Y/bCGU1FO/M=",
        "owner": "fossar",
        "repo": "composition-c4",
        "rev": "0d3f787d71ab954235491352887b69bf52c5e865",
        "type": "github"
      },
      "original": {
        "owner": "fossar",
        "repo": "composition-c4",
        "type": "github"
      }
    },
    "nixpkgs": {
      "locked": {
        "lastModified": 1773389992,
        "narHash": "sha256-wvfdLLWJ2I9oEpDd9PfMA8osfIZicoQ5MT1jIwNs9Tk=",
        "owner": "NixOS",
        "repo": "nixpkgs",
        "rev": "c06b4ae3d6599a672a6210b7021d699c351eebda",
        "type": "github"
      },
      "original": {
        "owner": "NixOS",
        "ref": "nixos-unstable",
        "repo": "nixpkgs",
        "type": "github"
      }
    },
    "root": {
      "inputs": {
        "composition-c4": "composition-c4",
        "nixpkgs": "nixpkgs"
      }
    }
  },
  "root": "root",
  "version": 7
}
